// !$*UTF8*$!
{archiveVersion = 1; classes = {}; objectVersion = 56; objects = {
000000000000000000000001 = {isa = PBXFileReference; lastKnownFileType = sourcecode.swift; path = AppStore.swift; sourceTree = "<group>"; };
000000000000000000000002 = {isa = PBXBuildFile; fileRef = 000000000000000000000001; };
000000000000000000000003 = {isa = PBXFileReference; lastKnownFileType = sourcecode.swift; path = CalendarScreen.swift; sourceTree = "<group>"; };
000000000000000000000004 = {isa = PBXBuildFile; fileRef = 000000000000000000000003; };
000000000000000000000005 = {isa = PBXFileReference; lastKnownFileType = sourcecode.swift; path = Components.swift; sourceTree = "<group>"; };
000000000000000000000006 = {isa = PBXBuildFile; fileRef = 000000000000000000000005; };
000000000000000000000007 = {isa = PBXFileReference; lastKnownFileType = sourcecode.swift; path = HomeView.swift; sourceTree = "<group>"; };
000000000000000000000008 = {isa = PBXBuildFile; fileRef = 000000000000000000000007; };
000000000000000000000009 = {isa = PBXFileReference; lastKnownFileType = sourcecode.swift; path = PoopalsApp.swift; sourceTree = "<group>"; };
00000000000000000000000A = {isa = PBXBuildFile; fileRef = 000000000000000000000009; };
00000000000000000000000B = {isa = PBXFileReference; lastKnownFileType = sourcecode.swift; path = Record.swift; sourceTree = "<group>"; };
00000000000000000000000C = {isa = PBXBuildFile; fileRef = 00000000000000000000000B; };
00000000000000000000000D = {isa = PBXFileReference; lastKnownFileType = sourcecode.swift; path = SettingsScreen.swift; sourceTree = "<group>"; };
00000000000000000000000E = {isa = PBXBuildFile; fileRef = 00000000000000000000000D; };
00000000000000000000000F = {isa = PBXFileReference; lastKnownFileType = folder.assetcatalog; path = Assets.xcassets; sourceTree = "<group>"; };
000000000000000000000010 = {isa = PBXBuildFile; fileRef = 00000000000000000000000F; };
000000000000000000000011 = {isa = PBXFileReference; lastKnownFileType = text.xml; path = PrivacyInfo.xcprivacy; sourceTree = "<group>"; };
000000000000000000000012 = {isa = PBXBuildFile; fileRef = 000000000000000000000011; };
000000000000000000000013 = {isa = PBXFileReference; lastKnownFileType = text.plist.xml; path = Info.plist; sourceTree = "<group>"; };
000000000000000000000014 = {isa = PBXFileReference; explicitFileType = wrapper.application; path = Poopals.app; sourceTree = BUILT_PRODUCTS_DIR; };
000000000000000000000015 = {isa = PBXGroup; children = (000000000000000000000014,); name = Products; sourceTree = "<group>"; };
000000000000000000000016 = {isa = PBXGroup; children = (000000000000000000000001,000000000000000000000003,000000000000000000000005,000000000000000000000007,000000000000000000000009,00000000000000000000000B,00000000000000000000000D,00000000000000000000000F,000000000000000000000011,000000000000000000000013,); path = Poopals; sourceTree = "<group>"; };
000000000000000000000017 = {isa = PBXGroup; children = (000000000000000000000016,000000000000000000000015,); sourceTree = "<group>"; };
000000000000000000000018 = {isa = PBXSourcesBuildPhase; buildActionMask = 2147483647; files = (000000000000000000000002,000000000000000000000004,000000000000000000000006,000000000000000000000008,00000000000000000000000A,00000000000000000000000C,00000000000000000000000E,); runOnlyForDeploymentPostprocessing = 0; };
000000000000000000000019 = {isa = PBXResourcesBuildPhase; buildActionMask = 2147483647; files = (000000000000000000000010,000000000000000000000012,); runOnlyForDeploymentPostprocessing = 0; };
00000000000000000000001A = {isa = PBXFrameworksBuildPhase; buildActionMask = 2147483647; files = (); runOnlyForDeploymentPostprocessing = 0; };
00000000000000000000001B = {isa = XCBuildConfiguration; buildSettings = {CLANG_ENABLE_MODULES = YES; SDKROOT = iphoneos; IPHONEOS_DEPLOYMENT_TARGET = 17.0; SWIFT_VERSION = 5.0;SWIFT_OPTIMIZATION_LEVEL = "-Onone"; DEBUG_INFORMATION_FORMAT = dwarf; SWIFT_ACTIVE_COMPILATION_CONDITIONS = DEBUG;}; name = Debug; };
00000000000000000000001C = {isa = XCBuildConfiguration; buildSettings = {CLANG_ENABLE_MODULES = YES; SDKROOT = iphoneos; IPHONEOS_DEPLOYMENT_TARGET = 17.0; SWIFT_VERSION = 5.0;SWIFT_OPTIMIZATION_LEVEL = "-O"; DEBUG_INFORMATION_FORMAT = "dwarf-with-dsym";}; name = Release; };
00000000000000000000001D = {isa = XCConfigurationList; buildConfigurations = (00000000000000000000001B,00000000000000000000001C,); defaultConfigurationIsVisible = 0; defaultConfigurationName = Release; };
00000000000000000000001E = {isa = XCBuildConfiguration; buildSettings = {CODE_SIGN_STYLE = Automatic; DEVELOPMENT_TEAM = ""; PRODUCT_BUNDLE_IDENTIFIER = com.example.poopals; PRODUCT_NAME = "$(TARGET_NAME)"; INFOPLIST_FILE = Poopals/Info.plist; GENERATE_INFOPLIST_FILE = NO; TARGETED_DEVICE_FAMILY = 1; SUPPORTED_PLATFORMS = "iphoneos iphonesimulator"; SUPPORTS_MACCATALYST = NO; MARKETING_VERSION = 0.1.0; CURRENT_PROJECT_VERSION = 1; ASSETCATALOG_COMPILER_GLOBAL_ACCENT_COLOR_NAME = AccentColor; LD_RUNPATH_SEARCH_PATHS = "$(inherited) @executable_path/Frameworks";SWIFT_OPTIMIZATION_LEVEL = "-Onone"; DEBUG_INFORMATION_FORMAT = dwarf; SWIFT_ACTIVE_COMPILATION_CONDITIONS = DEBUG;}; name = Debug; };
00000000000000000000001F = {isa = XCBuildConfiguration; buildSettings = {CODE_SIGN_STYLE = Automatic; DEVELOPMENT_TEAM = ""; PRODUCT_BUNDLE_IDENTIFIER = com.example.poopals; PRODUCT_NAME = "$(TARGET_NAME)"; INFOPLIST_FILE = Poopals/Info.plist; GENERATE_INFOPLIST_FILE = NO; TARGETED_DEVICE_FAMILY = 1; SUPPORTED_PLATFORMS = "iphoneos iphonesimulator"; SUPPORTS_MACCATALYST = NO; MARKETING_VERSION = 0.1.0; CURRENT_PROJECT_VERSION = 1; ASSETCATALOG_COMPILER_GLOBAL_ACCENT_COLOR_NAME = AccentColor; LD_RUNPATH_SEARCH_PATHS = "$(inherited) @executable_path/Frameworks";SWIFT_OPTIMIZATION_LEVEL = "-O"; DEBUG_INFORMATION_FORMAT = "dwarf-with-dsym";}; name = Release; };
000000000000000000000020 = {isa = XCConfigurationList; buildConfigurations = (00000000000000000000001E,00000000000000000000001F,); defaultConfigurationIsVisible = 0; defaultConfigurationName = Release; };
000000000000000000000021 = {isa = PBXNativeTarget; buildConfigurationList = 000000000000000000000020; buildPhases = (000000000000000000000018,00000000000000000000001A,000000000000000000000019,); buildRules = (); dependencies = (); name = Poopals; productName = Poopals; productReference = 000000000000000000000014; productType = "com.apple.product-type.application"; };
000000000000000000000022 = {isa = PBXProject; attributes = {BuildIndependentTargetsInParallel = YES; LastUpgradeCheck = 2600; }; buildConfigurationList = 00000000000000000000001D; compatibilityVersion = "Xcode 14.0"; developmentRegion = "zh-Hans"; hasScannedForEncodings = 0; knownRegions = ("zh-Hans", en, Base); mainGroup = 000000000000000000000017; productRefGroup = 000000000000000000000015; projectDirPath = ""; projectRoot = ""; targets = (000000000000000000000021,); };
}; rootObject = 000000000000000000000022; }